
Microsoft Visual Studio Solution File, Format Version 12.00
# Visual Studio 15
VisualStudioVersion = 15.0.27130.2024
MinimumVisualStudioVersion = 10.0.40219.1
Project("{FAE04EC0-301F-11D3-BF4B-00C04F79EFBC}") = "MojeMáma", "MojeMáma\MojeMáma.csproj", "{4575E9A3-818D-4373-8F40-5741C7E37E43}"
EndProject
Global
	GlobalSection(SolutionConfigurationPlatforms) = preSolution
		Debug|Any CPU = Debug|Any CPU
		Release|Any CPU = Release|Any CPU
	EndGlobalSection
	GlobalSection(ProjectConfigurationPlatforms) = postSolution
		{4575E9A3-818D-4373-8F40-5741C7E37E43}.Debug|Any CPU.ActiveCfg = Debug|Any CPU
		{4575E9A3-818D-4373-8F40-5741C7E37E43}.Debug|Any CPU.Build.0 = Debug|Any CPU
		{4575E9A3-818D-4373-8F40-5741C7E37E43}.Release|Any CPU.ActiveCfg = Release|Any CPU
		{4575E9A3-818D-4373-8F40-5741C7E37E43}.Release|Any CPU.Build.0 = Release|Any CPU
	EndGlobalSection
	GlobalSection(SolutionProperties) = preSolution
		HideSolutionNode = FALSE
	EndGlobalSection
	GlobalSection(ExtensibilityGlobals) = postSolution
		SolutionGuid = {533346F7-221D-4883-911A-2ACD9307EB75}
	EndGlobalSection
EndGlobal
